
Microsoft Visual Studio Solution File, Format Version 12.00
# Visual Studio Version 17
VisualStudioVersion = 17.8.34316.72
MinimumVisualStudioVersion = 10.0.40219.1
Project("{FAE04EC0-301F-11D3-BF4B-00C04F79EFBC}") = "RestaurantDesktop", "RestaurantDesktop\RestaurantDesktop.csproj", "{8F9ADC7E-218F-42EF-AF8A-411336348035}"
EndProject
Global
	GlobalSection(SolutionConfigurationPlatforms) = preSolution
		Debug|Any CPU = Debug|Any CPU
		Release|Any CPU = Release|Any CPU
	EndGlobalSection
	GlobalSection(ProjectConfigurationPlatforms) = postSolution
		{8F9ADC7E-218F-42EF-AF8A-411336348035}.Debug|Any CPU.ActiveCfg = Debug|Any CPU
		{8F9ADC7E-218F-42EF-AF8A-411336348035}.Debug|Any CPU.Build.0 = Debug|Any CPU
		{8F9ADC7E-218F-42EF-AF8A-411336348035}.Release|Any CPU.ActiveCfg = Release|Any CPU
		{8F9ADC7E-218F-42EF-AF8A-411336348035}.Release|Any CPU.Build.0 = Release|Any CPU
	EndGlobalSection
	GlobalSection(SolutionProperties) = preSolution
		HideSolutionNode = FALSE
	EndGlobalSection
	GlobalSection(ExtensibilityGlobals) = postSolution
		SolutionGuid = {E89C0B7B-C856-471F-8775-FA9AC44AD3DC}
	EndGlobalSection
EndGlobal
